
Microsoft Visual Studio Solution File, Format Version 12.00
# Visual Studio 2013
VisualStudioVersion = 12.0.30501.0
MinimumVisualStudioVersion = 10.0.40219.1
Project("{FAE04EC0-301F-11D3-BF4B-00C04F79EFBC}") = "SubtitlePlayer", "SubtitlePlayer\SubtitlePlayer.csproj", "{E9377EF4-DE7E-4A86-957A-590344CFF935}"
EndProject
Project("{FAE04EC0-301F-11D3-BF4B-00C04F79EFBC}") = "SubtitleReader", "SubtitleReader\SubtitleReader.csproj", "{F17B5085-2F97-46E5-8B70-B0EAF1FD29C4}"
EndProject
Project("{FAE04EC0-301F-11D3-BF4B-00C04F79EFBC}") = "UnitTestSubtitle", "UnitTestSubtitle\UnitTestSubtitle.csproj", "{73279750-9F70-4EFC-BC9A-59D04DF92699}"
EndProject
Global
	GlobalSection(SolutionConfigurationPlatforms) = preSolution
		Debug|Any CPU = Debug|Any CPU
		Release|Any CPU = Release|Any CPU
	EndGlobalSection
	GlobalSection(ProjectConfigurationPlatforms) = postSolution
		{E9377EF4-DE7E-4A86-957A-590344CFF935}.Debug|Any CPU.ActiveCfg = Debug|Any CPU
		{E9377EF4-DE7E-4A86-957A-590344CFF935}.Debug|Any CPU.Build.0 = Debug|Any CPU
		{E9377EF4-DE7E-4A86-957A-590344CFF935}.Release|Any CPU.ActiveCfg = Release|Any CPU
		{E9377EF4-DE7E-4A86-957A-590344CFF935}.Release|Any CPU.Build.0 = Release|Any CPU
		{F17B5085-2F97-46E5-8B70-B0EAF1FD29C4}.Debug|Any CPU.ActiveCfg = Debug|Any CPU
		{F17B5085-2F97-46E5-8B70-B0EAF1FD29C4}.Debug|Any CPU.Build.0 = Debug|Any CPU
		{F17B5085-2F97-46E5-8B70-B0EAF1FD29C4}.Release|Any CPU.ActiveCfg = Release|Any CPU
		{F17B5085-2F97-46E5-8B70-B0EAF1FD29C4}.Release|Any CPU.Build.0 = Release|Any CPU
		{73279750-9F70-4EFC-BC9A-59D04DF92699}.Debug|Any CPU.ActiveCfg = Debug|Any CPU
		{73279750-9F70-4EFC-BC9A-59D04DF92699}.Debug|Any CPU.Build.0 = Debug|Any CPU
		{73279750-9F70-4EFC-BC9A-59D04DF92699}.Release|Any CPU.ActiveCfg = Release|Any CPU
		{73279750-9F70-4EFC-BC9A-59D04DF92699}.Release|Any CPU.Build.0 = Release|Any CPU
	EndGlobalSection
	GlobalSection(SolutionProperties) = preSolution
		HideSolutionNode = FALSE
	EndGlobalSection
EndGlobal
